
Microsoft Visual Studio Solution File, Format Version 12.00
# Visual Studio Version 17
VisualStudioVersion = 17.7.34221.43
MinimumVisualStudioVersion = 10.0.40219.1
Project("{FAE04EC0-301F-11D3-BF4B-00C04F79EFBC}") = "LibraryManagement", "LibraryManagement.csproj", "{FEC7ED91-5E41-4021-9D45-84573A833356}"
EndProject
Global
	GlobalSection(SolutionConfigurationPlatforms) = preSolution
		Debug|Any CPU = Debug|Any CPU
		Release|Any CPU = Release|Any CPU
	EndGlobalSection
	GlobalSection(ProjectConfigurationPlatforms) = postSolution
		{FEC7ED91-5E41-4021-9D45-84573A833356}.Debug|Any CPU.ActiveCfg = Debug|Any CPU
		{FEC7ED91-5E41-4021-9D45-84573A833356}.Debug|Any CPU.Build.0 = Debug|Any CPU
		{FEC7ED91-5E41-4021-9D45-84573A833356}.Release|Any CPU.ActiveCfg = Release|Any CPU
		{FEC7ED91-5E41-4021-9D45-84573A833356}.Release|Any CPU.Build.0 = Release|Any CPU
	EndGlobalSection
	GlobalSection(SolutionProperties) = preSolution
		HideSolutionNode = FALSE
	EndGlobalSection
	GlobalSection(ExtensibilityGlobals) = postSolution
		SolutionGuid = {DBAEA42D-8F46-4E31-BD59-892C563C4B13}
	EndGlobalSection
EndGlobal
